// !$*UTF8*$!
{
	archiveVersion = 1;
	classes = {
	};
	objectVersion = 46;
	objects = {

/* Begin PBXBuildFile section */
		1AC6FB30180E99EB004C840B /* libcocos2d iOS.a in Frameworks */ = {isa = PBXBuildFile; fileRef = 1AC6FB07180E9839004C840B /* libcocos2d iOS.a */; };
		1D60589F0D05DD5A006BFB54 /* Foundation.framework in Frameworks */ = {isa = PBXBuildFile; fileRef = 1D30AB110D05D00D00671497 /* Foundation.framework */; };
		1DF5F4E00D08C38300B7A737 /* UIKit.framework in Frameworks */ = {isa = PBXBuildFile; fileRef = 1DF5F4DF0D08C38300B7A737 /* UIKit.framework */; };
		2080C4C81EBFAF570014B4C7 /* GameCenterHelper.mm in Sources */ = {isa = PBXBuildFile; fileRef = 2080C4C71EBFAF570014B4C7 /* GameCenterHelper.mm */; };
		2080C4CA1EBFC41B0014B4C7 /* Coin.png in Resources */ = {isa = PBXBuildFile; fileRef = 2080C4C91EBFC41B0014B4C7 /* Coin.png */; };
		2080C4F11EC0A5320014B4C7 /* AppIcon-20x20@1x.png in Resources */ = {isa = PBXBuildFile; fileRef = 2080C4DC1EC0A5320014B4C7 /* AppIcon-20x20@1x.png */; };
		2080C4F21EC0A5320014B4C7 /* AppIcon-20x20@2x.png in Resources */ = {isa = PBXBuildFile; fileRef = 2080C4DD1EC0A5320014B4C7 /* AppIcon-20x20@2x.png */; };
		2080C4F31EC0A5320014B4C7 /* AppIcon-20x20@3x.png in Resources */ = {isa = PBXBuildFile; fileRef = 2080C4DE1EC0A5320014B4C7 /* AppIcon-20x20@3x.png */; };
		2080C4F41EC0A5320014B4C7 /* AppIcon-29x29@1x.png in Resources */ = {isa = PBXBuildFile; fileRef = 2080C4DF1EC0A5320014B4C7 /* AppIcon-29x29@1x.png */; };
		2080C4F51EC0A5320014B4C7 /* AppIcon-29x29@2x.png in Resources */ = {isa = PBXBuildFile; fileRef = 2080C4E01EC0A5320014B4C7 /* AppIcon-29x29@2x.png */; };
		2080C4F61EC0A5320014B4C7 /* AppIcon-29x29@3x.png in Resources */ = {isa = PBXBuildFile; fileRef = 2080C4E11EC0A5320014B4C7 /* AppIcon-29x29@3x.png */; };
		2080C4F71EC0A5320014B4C7 /* AppIcon-40x40@1x.png in Resources */ = {isa = PBXBuildFile; fileRef = 2080C4E21EC0A5320014B4C7 /* AppIcon-40x40@1x.png */; };
		2080C4F81EC0A5320014B4C7 /* AppIcon-40x40@2x.png in Resources */ = {isa = PBXBuildFile; fileRef = 2080C4E31EC0A5320014B4C7 /* AppIcon-40x40@2x.png */; };
		2080C4F91EC0A5320014B4C7 /* AppIcon-40x40@3x.png in Resources */ = {isa = PBXBuildFile; fileRef = 2080C4E41EC0A5320014B4C7 /* AppIcon-40x40@3x.png */; };
		2080C4FA1EC0A5320014B4C7 /* AppIcon-57x57@1x.png in Resources */ = {isa = PBXBuildFile; fileRef = 2080C4E51EC0A5320014B4C7 /* AppIcon-57x57@1x.png */; };
		2080C4FB1EC0A5320014B4C7 /* AppIcon-57x57@2x.png in Resources */ = {isa = PBXBuildFile; fileRef = 2080C4E61EC0A5320014B4C7 /* AppIcon-57x57@2x.png */; };
		2080C4FC1EC0A5320014B4C7 /* AppIcon-60x60@1x.png in Resources */ = {isa = PBXBuildFile; fileRef = 2080C4E71EC0A5320014B4C7 /* AppIcon-60x60@1x.png */; };
		2080C4FD1EC0A5320014B4C7 /* AppIcon-60x60@2x.png in Resources */ = {isa = PBXBuildFile; fileRef = 2080C4E81EC0A5320014B4C7 /* AppIcon-60x60@2x.png */; };
		2080C4FE1EC0A5320014B4C7 /* AppIcon-60x60@3x.png in Resources */ = {isa = PBXBuildFile; fileRef = 2080C4E91EC0A5320014B4C7 /* AppIcon-60x60@3x.png */; };
		2080C4FF1EC0A5320014B4C7 /* AppIcon-72x72@1x.png in Resources */ = {isa = PBXBuildFile; fileRef = 2080C4EA1EC0A5320014B4C7 /* AppIcon-72x72@1x.png */; };
		2080C5001EC0A5320014B4C7 /* AppIcon-72x72@2x.png in Resources */ = {isa = PBXBuildFile; fileRef = 2080C4EB1EC0A5320014B4C7 /* AppIcon-72x72@2x.png */; };
		2080C5011EC0A5320014B4C7 /* AppIcon-76x76@1x.png in Resources */ = {isa = PBXBuildFile; fileRef = 2080C4EC1EC0A5320014B4C7 /* AppIcon-76x76@1x.png */; };
		2080C5021EC0A5320014B4C7 /* AppIcon-76x76@2x.png in Resources */ = {isa = PBXBuildFile; fileRef = 2080C4ED1EC0A5320014B4C7 /* AppIcon-76x76@2x.png */; };
		2080C5031EC0A5320014B4C7 /* AppIcon-76x76@3x.png in Resources */ = {isa = PBXBuildFile; fileRef = 2080C4EE1EC0A5320014B4C7 /* AppIcon-76x76@3x.png */; };
		2080C5041EC0A5320014B4C7 /* AppIcon-83.5x83.5@2x.png in Resources */ = {isa = PBXBuildFile; fileRef = 2080C4EF1EC0A5320014B4C7 /* AppIcon-83.5x83.5@2x.png */; };
		2080C5051EC0A5320014B4C7 /* Default-Landscape~ipad.png in Resources */ = {isa = PBXBuildFile; fileRef = 2080C4F01EC0A5320014B4C7 /* Default-Landscape~ipad.png */; };
		209E13CF1E9C179B007DB2A1 /* MathHelper.cpp in Sources */ = {isa = PBXBuildFile; fileRef = 209E13A71E9C179B007DB2A1 /* MathHelper.cpp */; };
		209E13D11E9C179B007DB2A1 /* RootEntity.cpp in Sources */ = {isa = PBXBuildFile; fileRef = 209E13A91E9C179B007DB2A1 /* RootEntity.cpp */; };
		209E13D31E9C179B007DB2A1 /* BaseStructure.cpp in Sources */ = {isa = PBXBuildFile; fileRef = 209E13AC1E9C179B007DB2A1 /* BaseStructure.cpp */; };
		209E13D51E9C179B007DB2A1 /* GapStructure.cpp in Sources */ = {isa = PBXBuildFile; fileRef = 209E13AE1E9C179B007DB2A1 /* GapStructure.cpp */; };
		209E13D71E9C179B007DB2A1 /* JumpStructure.cpp in Sources */ = {isa = PBXBuildFile; fileRef = 209E13B01E9C179B007DB2A1 /* JumpStructure.cpp */; };
		209E13D91E9C179B007DB2A1 /* MiddlePyramid.cpp in Sources */ = {isa = PBXBuildFile; fileRef = 209E13B21E9C179B007DB2A1 /* MiddlePyramid.cpp */; };
		209E13DB1E9C179B007DB2A1 /* Pyramid.cpp in Sources */ = {isa = PBXBuildFile; fileRef = 209E13B41E9C179B007DB2A1 /* Pyramid.cpp */; };
		209E13DD1E9C179B007DB2A1 /* BasicBlock.cpp in Sources */ = {isa = PBXBuildFile; fileRef = 209E13B81E9C179B007DB2A1 /* BasicBlock.cpp */; };
		209E13DF1E9C179B007DB2A1 /* Chunck.cpp in Sources */ = {isa = PBXBuildFile; fileRef = 209E13BA1E9C179B007DB2A1 /* Chunck.cpp */; };
		209E13E11E9C179B007DB2A1 /* TiledMapGenerator.cpp in Sources */ = {isa = PBXBuildFile; fileRef = 209E13BC1E9C179B007DB2A1 /* TiledMapGenerator.cpp */; };
		209E13E31E9C179B007DB2A1 /* Player.cpp in Sources */ = {isa = PBXBuildFile; fileRef = 209E13BF1E9C179B007DB2A1 /* Player.cpp */; };
		209E13E51E9C179B007DB2A1 /* Sound.cpp in Sources */ = {isa = PBXBuildFile; fileRef = 209E13C11E9C179B007DB2A1 /* Sound.cpp */; };
		209E13E71E9C179B007DB2A1 /* SpeedMarker.cpp in Sources */ = {isa = PBXBuildFile; fileRef = 209E13C31E9C179B007DB2A1 /* SpeedMarker.cpp */; };
		209E13FF1E9C17AE007DB2A1 /* bg_desert.png in Resources */ = {isa = PBXBuildFile; fileRef = 209E13EC1E9C17AE007DB2A1 /* bg_desert.png */; };
		209E14011E9C17AE007DB2A1 /* box.png in Resources */ = {isa = PBXBuildFile; fileRef = 209E13ED1E9C17AE007DB2A1 /* box.png */; };
		209E14031E9C17AE007DB2A1 /* castleCenter.png in Resources */ = {isa = PBXBuildFile; fileRef = 209E13EE1E9C17AE007DB2A1 /* castleCenter.png */; };
		209E14051E9C17AE007DB2A1 /* CloseNormal.png in Resources */ = {isa = PBXBuildFile; fileRef = 209E13EF1E9C17AE007DB2A1 /* CloseNormal.png */; };
		209E14071E9C17AE007DB2A1 /* CloseSelected.png in Resources */ = {isa = PBXBuildFile; fileRef = 209E13F01E9C17AE007DB2A1 /* CloseSelected.png */; };
		209E140B1E9C17AE007DB2A1 /* fonts in Resources */ = {isa = PBXBuildFile; fileRef = 209E13F21E9C17AE007DB2A1 /* fonts */; };
		209E140D1E9C17AE007DB2A1 /* HelloWorld.png in Resources */ = {isa = PBXBuildFile; fileRef = 209E13F31E9C17AE007DB2A1 /* HelloWorld.png */; };
		209E140F1E9C17AE007DB2A1 /* liquidLavaTop_mid.png in Resources */ = {isa = PBXBuildFile; fileRef = 209E13F41E9C17AE007DB2A1 /* liquidLavaTop_mid.png */; };
		209E14151E9C17AE007DB2A1 /* player in Resources */ = {isa = PBXBuildFile; fileRef = 209E13F71E9C17AE007DB2A1 /* player */; };
		209E14171E9C17AE007DB2A1 /* res in Resources */ = {isa = PBXBuildFile; fileRef = 209E13F81E9C17AE007DB2A1 /* res */; };
		209E14191E9C17AE007DB2A1 /* sprites.plist in Resources */ = {isa = PBXBuildFile; fileRef = 209E13F91E9C17AE007DB2A1 /* sprites.plist */; };
		209E141B1E9C17AE007DB2A1 /* sprites.png in Resources */ = {isa = PBXBuildFile; fileRef = 209E13FA1E9C17AE007DB2A1 /* sprites.png */; };
		209E141D1E9C17AE007DB2A1 /* stoneHalf.png in Resources */ = {isa = PBXBuildFile; fileRef = 209E13FB1E9C17AE007DB2A1 /* stoneHalf.png */; };
		209E141F1E9C17AE007DB2A1 /* test in Resources */ = {isa = PBXBuildFile; fileRef = 209E13FC1E9C17AE007DB2A1 /* test */; };
		209E14211E9C17AE007DB2A1 /* tiles_spritesheet.png in Resources */ = {isa = PBXBuildFile; fileRef = 209E13FD1E9C17AE007DB2A1 /* tiles_spritesheet.png */; };
		209E14231E9C17AE007DB2A1 /* tiles_spritesheet.xml in Resources */ = {isa = PBXBuildFile; fileRef = 209E13FE1E9C17AE007DB2A1 /* tiles_spritesheet.xml */; };
		209E142B1E9C1D3D007DB2A1 /* TiledMapController.cpp in Sources */ = {isa = PBXBuildFile; fileRef = 209E14291E9C1D3D007DB2A1 /* TiledMapController.cpp */; };
		209E14341E9C25C7007DB2A1 /* PlayerTestScene.cpp in Sources */ = {isa = PBXBuildFile; fileRef = 209E14301E9C25C7007DB2A1 /* PlayerTestScene.cpp */; };
		20C721501EBCFFE600C96B15 /* goldCoin5.png in Resources */ = {isa = PBXBuildFile; fileRef = 20C7214F1EBCFFE600C96B15 /* goldCoin5.png */; };
		288765A50DF7441C002DB57D /* CoreGraphics.framework in Frameworks */ = {isa = PBXBuildFile; fileRef = 288765A40DF7441C002DB57D /* CoreGraphics.framework */; };
		294D0D641D0D56D500F7F5D4 /* CoreText.framework in Frameworks */ = {isa = PBXBuildFile; fileRef = 294D0D631D0D56D500F7F5D4 /* CoreText.framework */; };
		46880B8819C43A87006E1F66 /* AppDelegate.cpp in Sources */ = {isa = PBXBuildFile; fileRef = 46880B8419C43A87006E1F66 /* AppDelegate.cpp */; };
		503AE10017EB989F00D1A890 /* AppController.mm in Sources */ = {isa = PBXBuildFile; fileRef = 503AE0FB17EB989F00D1A890 /* AppController.mm */; };
		503AE10117EB989F00D1A890 /* main.m in Sources */ = {isa = PBXBuildFile; fileRef = 503AE0FC17EB989F00D1A890 /* main.m */; };
		503AE10217EB989F00D1A890 /* RootViewController.mm in Sources */ = {isa = PBXBuildFile; fileRef = 503AE0FF17EB989F00D1A890 /* RootViewController.mm */; };
		5087E77D17EB970100C73F5D /* Default-568h@2x.png in Resources */ = {isa = PBXBuildFile; fileRef = 5087E77217EB970100C73F5D /* Default-568h@2x.png */; };
		5087E77E17EB970100C73F5D /* Default.png in Resources */ = {isa = PBXBuildFile; fileRef = 5087E77317EB970100C73F5D /* Default.png */; };
		5087E77F17EB970100C73F5D /* Default@2x.png in Resources */ = {isa = PBXBuildFile; fileRef = 5087E77417EB970100C73F5D /* Default@2x.png */; };
		521A8E6419F0C34300D177D7 /* Default-667h@2x.png in Resources */ = {isa = PBXBuildFile; fileRef = 521A8E6219F0C34300D177D7 /* Default-667h@2x.png */; };
		521A8E6519F0C34300D177D7 /* Default-736h@3x.png in Resources */ = {isa = PBXBuildFile; fileRef = 521A8E6319F0C34300D177D7 /* Default-736h@3x.png */; };
		52B47A471A53D09C004E4C60 /* Security.framework in Frameworks */ = {isa = PBXBuildFile; fileRef = 52B47A461A53D09B004E4C60 /* Security.framework */; };
		8392E3941EBB1EA700FF590C /* ScreenKiller.cpp in Sources */ = {isa = PBXBuildFile; fileRef = 8392E3921EBB1EA700FF590C /* ScreenKiller.cpp */; };
		83DBBFE01EB89393008031FA /* GapPlatformStructure.cpp in Sources */ = {isa = PBXBuildFile; fileRef = 83DBBFDE1EB89393008031FA /* GapPlatformStructure.cpp */; };
		83E86C7B1EB0E50600D5FB5E /* ConstantDevices.cpp in Sources */ = {isa = PBXBuildFile; fileRef = 83E86C791EB0E50600D5FB5E /* ConstantDevices.cpp */; };
		BF171245129291EC00B8313A /* OpenGLES.framework in Frameworks */ = {isa = PBXBuildFile; fileRef = BF170DB012928DE900B8313A /* OpenGLES.framework */; };
		BF1712471292920000B8313A /* libz.dylib in Frameworks */ = {isa = PBXBuildFile; fileRef = BF170DB412928DE900B8313A /* libz.dylib */; };
		BF1C47F01293687400B63C5D /* QuartzCore.framework in Frameworks */ = {isa = PBXBuildFile; fileRef = BF1C47EA1293683800B63C5D /* QuartzCore.framework */; };
		C7075EEF1EB28641004FB0A8 /* pause.png in Resources */ = {isa = PBXBuildFile; fileRef = C7075EEE1EB28641004FB0A8 /* pause.png */; };
		C7075EF31EB29320004FB0A8 /* audio_off.png in Resources */ = {isa = PBXBuildFile; fileRef = C7075EF11EB29320004FB0A8 /* audio_off.png */; };
		C7075EF41EB29320004FB0A8 /* audio_on.png in Resources */ = {isa = PBXBuildFile; fileRef = C7075EF21EB29320004FB0A8 /* audio_on.png */; };
		C7311F921EABF957001DC0B0 /* MainMenuPhone.cpp in Sources */ = {isa = PBXBuildFile; fileRef = C7311F901EABF957001DC0B0 /* MainMenuPhone.cpp */; };
		C7311F9C1EACF2E8001DC0B0 /* menu_close.png in Resources */ = {isa = PBXBuildFile; fileRef = C7311F9A1EACF2E8001DC0B0 /* menu_close.png */; };
		C7311F9D1EACF2E8001DC0B0 /* menu_open.png in Resources */ = {isa = PBXBuildFile; fileRef = C7311F9B1EACF2E8001DC0B0 /* menu_open.png */; };
		C7311F9F1EAD0645001DC0B0 /* Audio in Resources */ = {isa = PBXBuildFile; fileRef = C7311F9E1EAD0645001DC0B0 /* Audio */; };
		C73858FF1EBDE0E900756FE7 /* GameSharing.cpp in Sources */ = {isa = PBXBuildFile; fileRef = C73858FE1EBDE0E900756FE7 /* GameSharing.cpp */; };
		C73859081EBDEE4E00756FE7 /* GameKit.framework in Frameworks */ = {isa = PBXBuildFile; fileRef = C73859071EBDEE4E00756FE7 /* GameKit.framework */; };
		C738590C1EBDF0E600756FE7 /* ios_ids.plist in Resources */ = {isa = PBXBuildFile; fileRef = C738590B1EBDF0E600756FE7 /* ios_ids.plist */; };
		C738590F1EBE488C00756FE7 /* black_background.jpg in Resources */ = {isa = PBXBuildFile; fileRef = C738590E1EBE488C00756FE7 /* black_background.jpg */; };
		C75584CC1EBB972D0067DB20 /* menu_background_landscape.png in Resources */ = {isa = PBXBuildFile; fileRef = C75584CB1EBB972D0067DB20 /* menu_background_landscape.png */; };
		C75584D01EBB99AB0067DB20 /* menu_background_portrait.png in Resources */ = {isa = PBXBuildFile; fileRef = C75584CF1EBB99AB0067DB20 /* menu_background_portrait.png */; };
		C7F14F091EBF17E400C62177 /* achievement.png in Resources */ = {isa = PBXBuildFile; fileRef = C7F14F081EBF17E400C62177 /* achievement.png */; };
		D44C620C132DFF330009C878 /* OpenAL.framework in Frameworks */ = {isa = PBXBuildFile; fileRef = D44C620B132DFF330009C878 /* OpenAL.framework */; };
		D44C620E132DFF430009C878 /* AVFoundation.framework in Frameworks */ = {isa = PBXBuildFile; fileRef = D44C620D132DFF430009C878 /* AVFoundation.framework */; };
		D44C6210132DFF4E0009C878 /* AudioToolbox.framework in Frameworks */ = {isa = PBXBuildFile; fileRef = D44C620F132DFF4E0009C878 /* AudioToolbox.framework */; };
		D6B0611B1803AB670077942B /* CoreMotion.framework in Frameworks */ = {isa = PBXBuildFile; fileRef = D6B0611A1803AB670077942B /* CoreMotion.framework */; };
		ED545A7C1B68A1F400C3958E /* libiconv.dylib in Frameworks */ = {isa = PBXBuildFile; fileRef = ED545A7B1B68A1F400C3958E /* libiconv.dylib */; };
/* End PBXBuildFile section */

/* Begin PBXContainerItemProxy section */
		1AC6FAF8180E9839004C840B /* PBXContainerItemProxy */ = {
			isa = PBXContainerItemProxy;
			containerPortal = 1AC6FAE5180E9839004C840B /* cocos2d_libs.xcodeproj */;
			proxyType = 2;
			remoteGlobalIDString = 1551A33F158F2AB200E66CFE;
			remoteInfo = "cocos2dx Mac";
		};
		1AC6FB06180E9839004C840B /* PBXContainerItemProxy */ = {
			isa = PBXContainerItemProxy;
			containerPortal = 1AC6FAE5180E9839004C840B /* cocos2d_libs.xcodeproj */;
			proxyType = 2;
			remoteGlobalIDString = A07A4D641783777C0073F6A7;
			remoteInfo = "cocos2dx iOS";
		};
		1AC6FB24180E99E1004C840B /* PBXContainerItemProxy */ = {
			isa = PBXContainerItemProxy;
			containerPortal = 1AC6FAE5180E9839004C840B /* cocos2d_libs.xcodeproj */;
			proxyType = 1;
			remoteGlobalIDString = A07A4C241783777C0073F6A7;
			remoteInfo = "cocos2dx iOS";
		};
		209E13EA1E9C179B007DB2A1 /* PBXContainerItemProxy */ = {
			isa = PBXContainerItemProxy;
			containerPortal = 1AC6FAE5180E9839004C840B /* cocos2d_libs.xcodeproj */;
			proxyType = 2;
			remoteGlobalIDString = 507B40FD1C31BDD30067B53E;
			remoteInfo = "libcocos2d tvOS";
		};
/* End PBXContainerItemProxy section */

/* Begin PBXFileReference section */
		1AC6FAE5180E9839004C840B /* cocos2d_libs.xcodeproj */ = {isa = PBXFileReference; lastKnownFileType = "wrapper.pb-project"; name = cocos2d_libs.xcodeproj; path = ../cocos2d/build/cocos2d_libs.xcodeproj; sourceTree = "<group>"; };
		1ACB3243164770DE00914215 /* libcurl.a */ = {isa = PBXFileReference; lastKnownFileType = archive.ar; name = libcurl.a; path = ../../cocos2dx/platform/third_party/ios/libraries/libcurl.a; sourceTree = "<group>"; };
		1D30AB110D05D00D00671497 /* Foundation.framework */ = {isa = PBXFileReference; lastKnownFileType = wrapper.framework; name = Foundation.framework; path = System/Library/Frameworks/Foundation.framework; sourceTree = SDKROOT; };
		1D6058910D05DD3D006BFB54 /* Runner-mobile.app */ = {isa = PBXFileReference; explicitFileType = wrapper.application; includeInIndex = 0; path = "Runner-mobile.app"; sourceTree = BUILT_PRODUCTS_DIR; };
		1DF5F4DF0D08C38300B7A737 /* UIKit.framework */ = {isa = PBXFileReference; lastKnownFileType = wrapper.framework; name = UIKit.framework; path = System/Library/Frameworks/UIKit.framework; sourceTree = SDKROOT; };
		2080C4C71EBFAF570014B4C7 /* GameCenterHelper.mm */ = {isa = PBXFileReference; fileEncoding = 4; lastKnownFileType = sourcecode.cpp.objcpp; name = GameCenterHelper.mm; path = ../../../../../Downloads/GameCenterHelper.mm; sourceTree = "<group>"; };
		2080C4C91EBFC41B0014B4C7 /* Coin.png */ = {isa = PBXFileReference; lastKnownFileType = image.png; path = Coin.png; sourceTree = "<group>"; };
		2080C4DC1EC0A5320014B4C7 /* AppIcon-20x20@1x.png */ = {isa = PBXFileReference; lastKnownFileType = image.png; path = "AppIcon-20x20@1x.png"; sourceTree = "<group>"; };
		2080C4DD1EC0A5320014B4C7 /* AppIcon-20x20@2x.png */ = {isa = PBXFileReference; lastKnownFileType = image.png; path = "AppIcon-20x20@2x.png"; sourceTree = "<group>"; };
		2080C4DE1EC0A5320014B4C7 /* AppIcon-20x20@3x.png */ = {isa = PBXFileReference; lastKnownFileType = image.png; path = "AppIcon-20x20@3x.png"; sourceTree = "<group>"; };
		2080C4DF1EC0A5320014B4C7 /* AppIcon-29x29@1x.png */ = {isa = PBXFileReference; lastKnownFileType = image.png; path = "AppIcon-29x29@1x.png"; sourceTree = "<group>"; };
		2080C4E01EC0A5320014B4C7 /* AppIcon-29x29@2x.png */ = {isa = PBXFileReference; lastKnownFileType = image.png; path = "AppIcon-29x29@2x.png"; sourceTree = "<group>"; };
		2080C4E11EC0A5320014B4C7 /* AppIcon-29x29@3x.png */ = {isa = PBXFileReference; lastKnownFileType = image.png; path = "AppIcon-29x29@3x.png"; sourceTree = "<group>"; };
		2080C4E21EC0A5320014B4C7 /* AppIcon-40x40@1x.png */ = {isa = PBXFileReference; lastKnownFileType = image.png; path = "AppIcon-40x40@1x.png"; sourceTree = "<group>"; };
		2080C4E31EC0A5320014B4C7 /* AppIcon-40x40@2x.png */ = {isa = PBXFileReference; lastKnownFileType = image.png; path = "AppIcon-40x40@2x.png"; sourceTree = "<group>"; };
		2080C4E41EC0A5320014B4C7 /* AppIcon-40x40@3x.png */ = {isa = PBXFileReference; lastKnownFileType = image.png; path = "AppIcon-40x40@3x.png"; sourceTree = "<group>"; };
		2080C4E51EC0A5320014B4C7 /* AppIcon-57x57@1x.png */ = {isa = PBXFileReference; lastKnownFileType = image.png; path = "AppIcon-57x57@1x.png"; sourceTree = "<group>"; };
		2080C4E61EC0A5320014B4C7 /* AppIcon-57x57@2x.png */ = {isa = PBXFileReference; lastKnownFileType = image.png; path = "AppIcon-57x57@2x.png"; sourceTree = "<group>"; };
		2080C4E71EC0A5320014B4C7 /* AppIcon-60x60@1x.png */ = {isa = PBXFileReference; lastKnownFileType = image.png; path = "AppIcon-60x60@1x.png"; sourceTree = "<group>"; };
		2080C4E81EC0A5320014B4C7 /* AppIcon-60x60@2x.png */ = {isa = PBXFileReference; lastKnownFileType = image.png; path = "AppIcon-60x60@2x.png"; sourceTree = "<group>"; };
		2080C4E91EC0A5320014B4C7 /* AppIcon-60x60@3x.png */ = {isa = PBXFileReference; lastKnownFileType = image.png; path = "AppIcon-60x60@3x.png"; sourceTree = "<group>"; };
		2080C4EA1EC0A5320014B4C7 /* AppIcon-72x72@1x.png */ = {isa = PBXFileReference; lastKnownFileType = image.png; path = "AppIcon-72x72@1x.png"; sourceTree = "<group>"; };
		2080C4EB1EC0A5320014B4C7 /* AppIcon-72x72@2x.png */ = {isa = PBXFileReference; lastKnownFileType = image.png; path = "AppIcon-72x72@2x.png"; sourceTree = "<group>"; };
		2080C4EC1EC0A5320014B4C7 /* AppIcon-76x76@1x.png */ = {isa = PBXFileReference; lastKnownFileType = image.png; path = "AppIcon-76x76@1x.png"; sourceTree = "<group>"; };
		2080C4ED1EC0A5320014B4C7 /* AppIcon-76x76@2x.png */ = {isa = PBXFileReference; lastKnownFileType = image.png; path = "AppIcon-76x76@2x.png"; sourceTree = "<group>"; };
		2080C4EE1EC0A5320014B4C7 /* AppIcon-76x76@3x.png */ = {isa = PBXFileReference; lastKnownFileType = image.png; path = "AppIcon-76x76@3x.png"; sourceTree = "<group>"; };
		2080C4EF1EC0A5320014B4C7 /* AppIcon-83.5x83.5@2x.png */ = {isa = PBXFileReference; lastKnownFileType = image.png; path = "AppIcon-83.5x83.5@2x.png"; sourceTree = "<group>"; };
		2080C4F01EC0A5320014B4C7 /* Default-Landscape~ipad.png */ = {isa = PBXFileReference; lastKnownFileType = image.png; path = "Default-Landscape~ipad.png"; sourceTree = "<group>"; };
		209E13A71E9C179B007DB2A1 /* MathHelper.cpp */ = {isa = PBXFileReference; fileEncoding = 4; lastKnownFileType = sourcecode.cpp.cpp; path = MathHelper.cpp; sourceTree = "<group>"; };
		209E13A81E9C179B007DB2A1 /* MathHelper.hpp */ = {isa = PBXFileReference; fileEncoding = 4; lastKnownFileType = sourcecode.cpp.h; path = MathHelper.hpp; sourceTree = "<group>"; };
		209E13A91E9C179B007DB2A1 /* RootEntity.cpp */ = {isa = PBXFileReference; fileEncoding = 4; lastKnownFileType = sourcecode.cpp.cpp; path = RootEntity.cpp; sourceTree = "<group>"; };
		209E13AA1E9C179B007DB2A1 /* RootEntity.hpp */ = {isa = PBXFileReference; fileEncoding = 4; lastKnownFileType = sourcecode.cpp.h; path = RootEntity.hpp; sourceTree = "<group>"; };
		209E13AC1E9C179B007DB2A1 /* BaseStructure.cpp */ = {isa = PBXFileReference; fileEncoding = 4; lastKnownFileType = sourcecode.cpp.cpp; path = BaseStructure.cpp; sourceTree = "<group>"; };
		209E13AD1E9C179B007DB2A1 /* BaseStructure.hpp */ = {isa = PBXFileReference; fileEncoding = 4; lastKnownFileType = sourcecode.cpp.h; path = BaseStructure.hpp; sourceTree = "<group>"; };
		209E13AE1E9C179B007DB2A1 /* GapStructure.cpp */ = {isa = PBXFileReference; fileEncoding = 4; lastKnownFileType = sourcecode.cpp.cpp; path = GapStructure.cpp; sourceTree = "<group>"; };
		209E13AF1E9C179B007DB2A1 /* GapStructure.hpp */ = {isa = PBXFileReference; fileEncoding = 4; lastKnownFileType = sourcecode.cpp.h; path = GapStructure.hpp; sourceTree = "<group>"; };
		209E13B01E9C179B007DB2A1 /* JumpStructure.cpp */ = {isa = PBXFileReference; fileEncoding = 4; lastKnownFileType = sourcecode.cpp.cpp; path = JumpStructure.cpp; sourceTree = "<group>"; };
		209E13B11E9C179B007DB2A1 /* JumpStructure.hpp */ = {isa = PBXFileReference; fileEncoding = 4; lastKnownFileType = sourcecode.cpp.h; path = JumpStructure.hpp; sourceTree = "<group>"; };
		209E13B21E9C179B007DB2A1 /* MiddlePyramid.cpp */ = {isa = PBXFileReference; fileEncoding = 4; lastKnownFileType = sourcecode.cpp.cpp; path = MiddlePyramid.cpp; sourceTree = "<group>"; };
		209E13B31E9C179B007DB2A1 /* MiddlePyramid.hpp */ = {isa = PBXFileReference; fileEncoding = 4; lastKnownFileType = sourcecode.cpp.h; path = MiddlePyramid.hpp; sourceTree = "<group>"; };
		209E13B41E9C179B007DB2A1 /* Pyramid.cpp */ = {isa = PBXFileReference; fileEncoding = 4; lastKnownFileType = sourcecode.cpp.cpp; path = Pyramid.cpp; sourceTree = "<group>"; };
		209E13B51E9C179B007DB2A1 /* Pyramid.hpp */ = {isa = PBXFileReference; fileEncoding = 4; lastKnownFileType = sourcecode.cpp.h; path = Pyramid.hpp; sourceTree = "<group>"; };
		209E13B61E9C179B007DB2A1 /* Structures.hpp */ = {isa = PBXFileReference; fileEncoding = 4; lastKnownFileType = sourcecode.cpp.h; path = Structures.hpp; sourceTree = "<group>"; };
		209E13B81E9C179B007DB2A1 /* BasicBlock.cpp */ = {isa = PBXFileReference; fileEncoding = 4; lastKnownFileType = sourcecode.cpp.cpp; path = BasicBlock.cpp; sourceTree = "<group>"; };
		209E13B91E9C179B007DB2A1 /* BasicBlock.hpp */ = {isa = PBXFileReference; fileEncoding = 4; lastKnownFileType = sourcecode.cpp.h; path = BasicBlock.hpp; sourceTree = "<group>"; };
		209E13BA1E9C179B007DB2A1 /* Chunck.cpp */ = {isa = PBXFileReference; fileEncoding = 4; lastKnownFileType = sourcecode.cpp.cpp; path = Chunck.cpp; sourceTree = "<group>"; };
		209E13BB1E9C179B007DB2A1 /* Chunck.h */ = {isa = PBXFileReference; fileEncoding = 4; lastKnownFileType = sourcecode.c.h; path = Chunck.h; sourceTree = "<group>"; };
		209E13BC1E9C179B007DB2A1 /* TiledMapGenerator.cpp */ = {isa = PBXFileReference; fileEncoding = 4; lastKnownFileType = sourcecode.cpp.cpp; path = TiledMapGenerator.cpp; sourceTree = "<group>"; };
		209E13BD1E9C179B007DB2A1 /* TiledMapGenerator.hpp */ = {isa = PBXFileReference; fileEncoding = 4; lastKnownFileType = sourcecode.cpp.h; path = TiledMapGenerator.hpp; sourceTree = "<group>"; };
		209E13BF1E9C179B007DB2A1 /* Player.cpp */ = {isa = PBXFileReference; fileEncoding = 4; lastKnownFileType = sourcecode.cpp.cpp; path = Player.cpp; sourceTree = "<group>"; };
		209E13C01E9C179B007DB2A1 /* Player.hpp */ = {isa = PBXFileReference; fileEncoding = 4; lastKnownFileType = sourcecode.cpp.h; path = Player.hpp; sourceTree = "<group>"; };
		209E13C11E9C179B007DB2A1 /* Sound.cpp */ = {isa = PBXFileReference; fileEncoding = 4; lastKnownFileType = sourcecode.cpp.cpp; path = Sound.cpp; sourceTree = "<group>"; };
		209E13C21E9C179B007DB2A1 /* Sound.hpp */ = {isa = PBXFileReference; fileEncoding = 4; lastKnownFileType = sourcecode.cpp.h; path = Sound.hpp; sourceTree = "<group>"; };
		209E13C31E9C179B007DB2A1 /* SpeedMarker.cpp */ = {isa = PBXFileReference; fileEncoding = 4; lastKnownFileType = sourcecode.cpp.cpp; path = SpeedMarker.cpp; sourceTree = "<group>"; };
		209E13C41E9C179B007DB2A1 /* SpeedMarker.hpp */ = {isa = PBXFileReference; fileEncoding = 4; lastKnownFileType = sourcecode.cpp.h; path = SpeedMarker.hpp; sourceTree = "<group>"; };
		209E13C61E9C179B007DB2A1 /* Constants.h */ = {isa = PBXFileReference; fileEncoding = 4; lastKnownFileType = sourcecode.c.h; path = Constants.h; sourceTree = "<group>"; };
		209E13EC1E9C17AE007DB2A1 /* bg_desert.png */ = {isa = PBXFileReference; lastKnownFileType = image.png; path = bg_desert.png; sourceTree = "<group>"; };
		209E13ED1E9C17AE007DB2A1 /* box.png */ = {isa = PBXFileReference; lastKnownFileType = image.png; path = box.png; sourceTree = "<group>"; };
		209E13EE1E9C17AE007DB2A1 /* castleCenter.png */ = {isa = PBXFileReference; lastKnownFileType = image.png; path = castleCenter.png; sourceTree = "<group>"; };
		209E13EF1E9C17AE007DB2A1 /* CloseNormal.png */ = {isa = PBXFileReference; lastKnownFileType = image.png; path = CloseNormal.png; sourceTree = "<group>"; };
		209E13F01E9C17AE007DB2A1 /* CloseSelected.png */ = {isa = PBXFileReference; lastKnownFileType = image.png; path = CloseSelected.png; sourceTree = "<group>"; };
		209E13F21E9C17AE007DB2A1 /* fonts */ = {isa = PBXFileReference; lastKnownFileType = folder; path = fonts; sourceTree = "<group>"; };
		209E13F31E9C17AE007DB2A1 /* HelloWorld.png */ = {isa = PBXFileReference; lastKnownFileType = image.png; path = HelloWorld.png; sourceTree = "<group>"; };
		209E13F41E9C17AE007DB2A1 /* liquidLavaTop_mid.png */ = {isa = PBXFileReference; lastKnownFileType = image.png; path = liquidLavaTop_mid.png; sourceTree = "<group>"; };
		209E13F71E9C17AE007DB2A1 /* player */ = {isa = PBXFileReference; lastKnownFileType = folder; path = player; sourceTree = "<group>"; };
		209E13F81E9C17AE007DB2A1 /* res */ = {isa = PBXFileReference; lastKnownFileType = folder; path = res; sourceTree = "<group>"; };
		209E13F91E9C17AE007DB2A1 /* sprites.plist */ = {isa = PBXFileReference; fileEncoding = 4; lastKnownFileType = text.plist.xml; path = sprites.plist; sourceTree = "<group>"; };
		209E13FA1E9C17AE007DB2A1 /* sprites.png */ = {isa = PBXFileReference; lastKnownFileType = image.png; path = sprites.png; sourceTree = "<group>"; };
		209E13FB1E9C17AE007DB2A1 /* stoneHalf.png */ = {isa = PBXFileReference; lastKnownFileType = image.png; path = stoneHalf.png; sourceTree = "<group>"; };
		209E13FC1E9C17AE007DB2A1 /* test */ = {isa = PBXFileReference; lastKnownFileType = folder; path = test; sourceTree = "<group>"; };
		209E13FD1E9C17AE007DB2A1 /* tiles_spritesheet.png */ = {isa = PBXFileReference; lastKnownFileType = image.png; path = tiles_spritesheet.png; sourceTree = "<group>"; };
		209E13FE1E9C17AE007DB2A1 /* tiles_spritesheet.xml */ = {isa = PBXFileReference; fileEncoding = 4; lastKnownFileType = text.xml; path = tiles_spritesheet.xml; sourceTree = "<group>"; };
		209E14291E9C1D3D007DB2A1 /* TiledMapController.cpp */ = {isa = PBXFileReference; fileEncoding = 4; lastKnownFileType = sourcecode.cpp.cpp; path = TiledMapController.cpp; sourceTree = "<group>"; };
		209E142A1E9C1D3D007DB2A1 /* TiledMapController.h */ = {isa = PBXFileReference; fileEncoding = 4; lastKnownFileType = sourcecode.c.h; path = TiledMapController.h; sourceTree = "<group>"; };
		209E14301E9C25C7007DB2A1 /* PlayerTestScene.cpp */ = {isa = PBXFileReference; fileEncoding = 4; lastKnownFileType = sourcecode.cpp.cpp; path = PlayerTestScene.cpp; sourceTree = "<group>"; };
		209E14311E9C25C7007DB2A1 /* PlayerTestScene.hpp */ = {isa = PBXFileReference; fileEncoding = 4; lastKnownFileType = sourcecode.cpp.h; path = PlayerTestScene.hpp; sourceTree = "<group>"; };
		20C7214F1EBCFFE600C96B15 /* goldCoin5.png */ = {isa = PBXFileReference; lastKnownFileType = image.png; path = goldCoin5.png; sourceTree = "<group>"; };
		288765A40DF7441C002DB57D /* CoreGraphics.framework */ = {isa = PBXFileReference; lastKnownFileType = wrapper.framework; name = CoreGraphics.framework; path = System/Library/Frameworks/CoreGraphics.framework; sourceTree = SDKROOT; };
		294D0D631D0D56D500F7F5D4 /* CoreText.framework */ = {isa = PBXFileReference; lastKnownFileType = wrapper.framework; name = CoreText.framework; path = Platforms/iPhoneOS.platform/Developer/SDKs/iPhoneOS9.3.sdk/System/Library/Frameworks/CoreText.framework; sourceTree = DEVELOPER_DIR; };
		46880B8419C43A87006E1F66 /* AppDelegate.cpp */ = {isa = PBXFileReference; fileEncoding = 4; lastKnownFileType = sourcecode.cpp.cpp; path = AppDelegate.cpp; sourceTree = "<group>"; };
		46880B8519C43A87006E1F66 /* AppDelegate.h */ = {isa = PBXFileReference; fileEncoding = 4; lastKnownFileType = sourcecode.c.h; path = AppDelegate.h; sourceTree = "<group>"; };
		503AE0F617EB97AB00D1A890 /* Icon.icns */ = {isa = PBXFileReference; lastKnownFileType = image.icns; path = Icon.icns; sourceTree = "<group>"; };
		503AE0F717EB97AB00D1A890 /* Info.plist */ = {isa = PBXFileReference; fileEncoding = 4; lastKnownFileType = text.plist.xml; path = Info.plist; sourceTree = "<group>"; };
		503AE0FA17EB989F00D1A890 /* AppController.h */ = {isa = PBXFileReference; fileEncoding = 4; lastKnownFileType = sourcecode.c.h; name = AppController.h; path = ios/AppController.h; sourceTree = SOURCE_ROOT; };
		503AE0FB17EB989F00D1A890 /* AppController.mm */ = {isa = PBXFileReference; fileEncoding = 4; lastKnownFileType = sourcecode.cpp.objcpp; name = AppController.mm; path = ios/AppController.mm; sourceTree = SOURCE_ROOT; };
		503AE0FC17EB989F00D1A890 /* main.m */ = {isa = PBXFileReference; fileEncoding = 4; lastKnownFileType = sourcecode.c.objc; name = main.m; path = ios/main.m; sourceTree = SOURCE_ROOT; };
		503AE0FD17EB989F00D1A890 /* Prefix.pch */ = {isa = PBXFileReference; fileEncoding = 4; lastKnownFileType = sourcecode.c.h; name = Prefix.pch; path = ios/Prefix.pch; sourceTree = SOURCE_ROOT; };
		503AE0FE17EB989F00D1A890 /* RootViewController.h */ = {isa = PBXFileReference; fileEncoding = 4; lastKnownFileType = sourcecode.c.h; name = RootViewController.h; path = ios/RootViewController.h; sourceTree = SOURCE_ROOT; };
		503AE0FF17EB989F00D1A890 /* RootViewController.mm */ = {isa = PBXFileReference; fileEncoding = 4; lastKnownFileType = sourcecode.cpp.objcpp; name = RootViewController.mm; path = ios/RootViewController.mm; sourceTree = SOURCE_ROOT; };
		503AE10317EB98FF00D1A890 /* main.cpp */ = {isa = PBXFileReference; fileEncoding = 4; lastKnownFileType = sourcecode.cpp.cpp; name = main.cpp; path = mac/main.cpp; sourceTree = "<group>"; };
		503AE10417EB98FF00D1A890 /* Prefix.pch */ = {isa = PBXFileReference; fileEncoding = 4; lastKnownFileType = sourcecode.c.h; name = Prefix.pch; path = mac/Prefix.pch; sourceTree = "<group>"; };
		503AE11117EB99EE00D1A890 /* libcurl.dylib */ = {isa = PBXFileReference; lastKnownFileType = "compiled.mach-o.dylib"; name = libcurl.dylib; path = usr/lib/libcurl.dylib; sourceTree = SDKROOT; };
		503AE11A17EB9C5A00D1A890 /* IOKit.framework */ = {isa = PBXFileReference; lastKnownFileType = wrapper.framework; name = IOKit.framework; path = System/Library/Frameworks/IOKit.framework; sourceTree = SDKROOT; };
		5087E77217EB970100C73F5D /* Default-568h@2x.png */ = {isa = PBXFileReference; lastKnownFileType = image.png; path = "Default-568h@2x.png"; sourceTree = "<group>"; };
		5087E77317EB970100C73F5D /* Default.png */ = {isa = PBXFileReference; lastKnownFileType = image.png; path = Default.png; sourceTree = "<group>"; };
		5087E77417EB970100C73F5D /* Default@2x.png */ = {isa = PBXFileReference; lastKnownFileType = image.png; path = "Default@2x.png"; sourceTree = "<group>"; };
		5087E77C17EB970100C73F5D /* Info.plist */ = {isa = PBXFileReference; fileEncoding = 4; lastKnownFileType = text.plist.xml; path = Info.plist; sourceTree = "<group>"; };
		5087E78817EB974C00C73F5D /* AppKit.framework */ = {isa = PBXFileReference; lastKnownFileType = wrapper.framework; name = AppKit.framework; path = System/Library/Frameworks/AppKit.framework; sourceTree = SDKROOT; };
		5087E78A17EB975400C73F5D /* OpenGL.framework */ = {isa = PBXFileReference; lastKnownFileType = wrapper.framework; name = OpenGL.framework; path = System/Library/Frameworks/OpenGL.framework; sourceTree = SDKROOT; };
		521A8E6219F0C34300D177D7 /* Default-667h@2x.png */ = {isa = PBXFileReference; lastKnownFileType = image.png; path = "Default-667h@2x.png"; sourceTree = "<group>"; };
		521A8E6319F0C34300D177D7 /* Default-736h@3x.png */ = {isa = PBXFileReference; lastKnownFileType = image.png; path = "Default-736h@3x.png"; sourceTree = "<group>"; };
		52B47A461A53D09B004E4C60 /* Security.framework */ = {isa = PBXFileReference; lastKnownFileType = wrapper.framework; name = Security.framework; path = Platforms/iPhoneOS.platform/Developer/SDKs/iPhoneOS8.1.sdk/System/Library/Frameworks/Security.framework; sourceTree = DEVELOPER_DIR; };
		8262943D1AAF051F00CB7CF7 /* Security.framework */ = {isa = PBXFileReference; lastKnownFileType = wrapper.framework; name = Security.framework; path = System/Library/Frameworks/Security.framework; sourceTree = SDKROOT; };
		8392E3921EBB1EA700FF590C /* ScreenKiller.cpp */ = {isa = PBXFileReference; fileEncoding = 4; lastKnownFileType = sourcecode.cpp.cpp; path = ScreenKiller.cpp; sourceTree = "<group>"; };
		8392E3931EBB1EA700FF590C /* ScreenKiller.hpp */ = {isa = PBXFileReference; fileEncoding = 4; lastKnownFileType = sourcecode.cpp.h; path = ScreenKiller.hpp; sourceTree = "<group>"; };
		83DBBFDE1EB89393008031FA /* GapPlatformStructure.cpp */ = {isa = PBXFileReference; fileEncoding = 4; lastKnownFileType = sourcecode.cpp.cpp; path = GapPlatformStructure.cpp; sourceTree = "<group>"; };
		83DBBFDF1EB89393008031FA /* GapPlatformStructure.hpp */ = {isa = PBXFileReference; fileEncoding = 4; lastKnownFileType = sourcecode.cpp.h; path = GapPlatformStructure.hpp; sourceTree = "<group>"; };
		83E86C791EB0E50600D5FB5E /* ConstantDevices.cpp */ = {isa = PBXFileReference; fileEncoding = 4; lastKnownFileType = sourcecode.cpp.cpp; path = ConstantDevices.cpp; sourceTree = "<group>"; };
		83E86C7A1EB0E50600D5FB5E /* ConstantDevices.hpp */ = {isa = PBXFileReference; fileEncoding = 4; lastKnownFileType = sourcecode.cpp.h; path = ConstantDevices.hpp; sourceTree = "<group>"; };
		BF170DB012928DE900B8313A /* OpenGLES.framework */ = {isa = PBXFileReference; lastKnownFileType = wrapper.framework; name = OpenGLES.framework; path = System/Library/Frameworks/OpenGLES.framework; sourceTree = SDKROOT; };
		BF170DB412928DE900B8313A /* libz.dylib */ = {isa = PBXFileReference; lastKnownFileType = "compiled.mach-o.dylib"; name = libz.dylib; path = usr/lib/libz.dylib; sourceTree = SDKROOT; };
		BF1C47EA1293683800B63C5D /* QuartzCore.framework */ = {isa = PBXFileReference; lastKnownFileType = wrapper.framework; name = QuartzCore.framework; path = System/Library/Frameworks/QuartzCore.framework; sourceTree = SDKROOT; };
		C7075EEE1EB28641004FB0A8 /* pause.png */ = {isa = PBXFileReference; lastKnownFileType = image.png; name = pause.png; path = ../Classes/Scenes/pause.png; sourceTree = "<group>"; };
		C7075EF11EB29320004FB0A8 /* audio_off.png */ = {isa = PBXFileReference; lastKnownFileType = image.png; name = audio_off.png; path = ../Classes/Scenes/audio_off.png; sourceTree = "<group>"; };
		C7075EF21EB29320004FB0A8 /* audio_on.png */ = {isa = PBXFileReference; lastKnownFileType = image.png; name = audio_on.png; path = ../Classes/Scenes/audio_on.png; sourceTree = "<group>"; };
		C70F68571EB0E42700C1D1C2 /* SceneController.hpp */ = {isa = PBXFileReference; fileEncoding = 4; lastKnownFileType = sourcecode.cpp.h; path = SceneController.hpp; sourceTree = "<group>"; };
		C7311F901EABF957001DC0B0 /* MainMenuPhone.cpp */ = {isa = PBXFileReference; fileEncoding = 4; lastKnownFileType = sourcecode.cpp.cpp; path = MainMenuPhone.cpp; sourceTree = "<group>"; };
		C7311F911EABF957001DC0B0 /* MainMenuPhone.hpp */ = {isa = PBXFileReference; fileEncoding = 4; lastKnownFileType = sourcecode.cpp.h; path = MainMenuPhone.hpp; sourceTree = "<group>"; };
		C7311F9A1EACF2E8001DC0B0 /* menu_close.png */ = {isa = PBXFileReference; lastKnownFileType = image.png; path = menu_close.png; sourceTree = "<group>"; };
		C7311F9B1EACF2E8001DC0B0 /* menu_open.png */ = {isa = PBXFileReference; lastKnownFileType = image.png; path = menu_open.png; sourceTree = "<group>"; };
		C7311F9E1EAD0645001DC0B0 /* Audio */ = {isa = PBXFileReference; lastKnownFileType = folder; path = Audio; sourceTree = "<group>"; };
		C73858FE1EBDE0E900756FE7 /* GameSharing.cpp */ = {isa = PBXFileReference; fileEncoding = 4; lastKnownFileType = sourcecode.cpp.cpp; name = GameSharing.cpp; path = GameSharing/GameSharing.cpp; sourceTree = "<group>"; };
		C73859001EBDE0EC00756FE7 /* GameSharing.h */ = {isa = PBXFileReference; lastKnownFileType = sourcecode.c.h; name = GameSharing.h; path = GameSharing/GameSharing.h; sourceTree = "<group>"; };
		C73859071EBDEE4E00756FE7 /* GameKit.framework */ = {isa = PBXFileReference; lastKnownFileType = wrapper.framework; name = GameKit.framework; path = Platforms/iPhoneOS.platform/Developer/SDKs/iPhoneOS10.3.sdk/System/Library/Frameworks/GameKit.framework; sourceTree = DEVELOPER_DIR; };
		C738590B1EBDF0E600756FE7 /* ios_ids.plist */ = {isa = PBXFileReference; fileEncoding = 4; lastKnownFileType = text.plist.xml; path = ios_ids.plist; sourceTree = "<group>"; };
		C738590E1EBE488C00756FE7 /* black_background.jpg */ = {isa = PBXFileReference; lastKnownFileType = image.jpeg; path = black_background.jpg; sourceTree = "<group>"; };
		C75584CB1EBB972D0067DB20 /* menu_background_landscape.png */ = {isa = PBXFileReference; lastKnownFileType = image.png; path = menu_background_landscape.png; sourceTree = "<group>"; };
		C75584CF1EBB99AB0067DB20 /* menu_background_portrait.png */ = {isa = PBXFileReference; lastKnownFileType = image.png; path = menu_background_portrait.png; sourceTree = "<group>"; };
		C7F14F081EBF17E400C62177 /* achievement.png */ = {isa = PBXFileReference; lastKnownFileType = image.png; path = achievement.png; sourceTree = "<group>"; };
		D44C620B132DFF330009C878 /* OpenAL.framework */ = {isa = PBXFileReference; lastKnownFileType = wrapper.framework; name = OpenAL.framework; path = System/Library/Frameworks/OpenAL.framework; sourceTree = SDKROOT; };
		D44C620D132DFF430009C878 /* AVFoundation.framework */ = {isa = PBXFileReference; lastKnownFileType = wrapper.framework; name = AVFoundation.framework; path = System/Library/Frameworks/AVFoundation.framework; sourceTree = SDKROOT; };
		D44C620F132DFF4E0009C878 /* AudioToolbox.framework */ = {isa = PBXFileReference; lastKnownFileType = wrapper.framework; name = AudioToolbox.framework; path = System/Library/Frameworks/AudioToolbox.framework; sourceTree = SDKROOT; };
		D6B0611A1803AB670077942B /* CoreMotion.framework */ = {isa = PBXFileReference; lastKnownFileType = wrapper.framework; name = CoreMotion.framework; path = Platforms/iPhoneOS.platform/Developer/SDKs/iPhoneOS7.0.sdk/System/Library/Frameworks/CoreMotion.framework; sourceTree = DEVELOPER_DIR; };
		ED545A7B1B68A1F400C3958E /* libiconv.dylib */ = {isa = PBXFileReference; lastKnownFileType = "compiled.mach-o.dylib"; name = libiconv.dylib; path = Platforms/iPhoneOS.platform/Developer/SDKs/iPhoneOS8.4.sdk/usr/lib/libiconv.dylib; sourceTree = DEVELOPER_DIR; };
		ED545A7D1B68A1FA00C3958E /* libiconv.dylib */ = {isa = PBXFileReference; lastKnownFileType = "compiled.mach-o.dylib"; name = libiconv.dylib; path = usr/lib/libiconv.dylib; sourceTree = SDKROOT; };
/* End PBXFileReference section */

/* Begin PBXFrameworksBuildPhase section */
		1D60588F0D05DD3D006BFB54 /* Frameworks */ = {
			isa = PBXFrameworksBuildPhase;
			buildActionMask = 2147483647;
			files = (
				C73859081EBDEE4E00756FE7 /* GameKit.framework in Frameworks */,
				294D0D641D0D56D500F7F5D4 /* CoreText.framework in Frameworks */,
				ED545A7C1B68A1F400C3958E /* libiconv.dylib in Frameworks */,
				52B47A471A53D09C004E4C60 /* Security.framework in Frameworks */,
				1AC6FB30180E99EB004C840B /* libcocos2d iOS.a in Frameworks */,
				D6B0611B1803AB670077942B /* CoreMotion.framework in Frameworks */,
				1D60589F0D05DD5A006BFB54 /* Foundation.framework in Frameworks */,
				1DF5F4E00D08C38300B7A737 /* UIKit.framework in Frameworks */,
				288765A50DF7441C002DB57D /* CoreGraphics.framework in Frameworks */,
				BF171245129291EC00B8313A /* OpenGLES.framework in Frameworks */,
				BF1712471292920000B8313A /* libz.dylib in Frameworks */,
				BF1C47F01293687400B63C5D /* QuartzCore.framework in Frameworks */,
				D44C620C132DFF330009C878 /* OpenAL.framework in Frameworks */,
				D44C620E132DFF430009C878 /* AVFoundation.framework in Frameworks */,
				D44C6210132DFF4E0009C878 /* AudioToolbox.framework in Frameworks */,
			);
			runOnlyForDeploymentPostprocessing = 0;
		};
/* End PBXFrameworksBuildPhase section */

/* Begin PBXGroup section */
		080E96DDFE201D6D7F000001 /* ios */ = {
			isa = PBXGroup;
			children = (
				2080C4C71EBFAF570014B4C7 /* GameCenterHelper.mm */,
				5087E77117EB970100C73F5D /* Icons */,
				503AE0FA17EB989F00D1A890 /* AppController.h */,
				503AE0FB17EB989F00D1A890 /* AppController.mm */,
				503AE0FC17EB989F00D1A890 /* main.m */,
				503AE0FD17EB989F00D1A890 /* Prefix.pch */,
				503AE0FE17EB989F00D1A890 /* RootViewController.h */,
				503AE0FF17EB989F00D1A890 /* RootViewController.mm */,
			);
			name = ios;
			path = Classes;
			sourceTree = "<group>";
		};
		19C28FACFE9D520D11CA2CBB /* Products */ = {
			isa = PBXGroup;
			children = (
				1D6058910D05DD3D006BFB54 /* Runner-mobile.app */,
			);
			name = Products;
			sourceTree = "<group>";
		};
		1AC6FAE6180E9839004C840B /* Products */ = {
			isa = PBXGroup;
			children = (
				1AC6FAF9180E9839004C840B /* libcocos2d Mac.a */,
				1AC6FB07180E9839004C840B /* libcocos2d iOS.a */,
				209E13EB1E9C179B007DB2A1 /* libcocos2d tvOS.a */,
			);
			name = Products;
			sourceTree = "<group>";
		};
		209E13A61E9C179B007DB2A1 /* Engine2D */ = {
			isa = PBXGroup;
			children = (
				209E13A71E9C179B007DB2A1 /* MathHelper.cpp */,
				209E13A81E9C179B007DB2A1 /* MathHelper.hpp */,
				209E13A91E9C179B007DB2A1 /* RootEntity.cpp */,
				209E13AA1E9C179B007DB2A1 /* RootEntity.hpp */,
				209E13AB1E9C179B007DB2A1 /* Structures */,
				209E13B71E9C179B007DB2A1 /* TiledMap */,
			);
			path = Engine2D;
			sourceTree = "<group>";
		};
		209E13AB1E9C179B007DB2A1 /* Structures */ = {
			isa = PBXGroup;
			children = (
				209E13AC1E9C179B007DB2A1 /* BaseStructure.cpp */,
				209E13AD1E9C179B007DB2A1 /* BaseStructure.hpp */,
				209E13AE1E9C179B007DB2A1 /* GapStructure.cpp */,
				209E13AF1E9C179B007DB2A1 /* GapStructure.hpp */,
				209E13B01E9C179B007DB2A1 /* JumpStructure.cpp */,
				209E13B11E9C179B007DB2A1 /* JumpStructure.hpp */,
				209E13B21E9C179B007DB2A1 /* MiddlePyramid.cpp */,
				209E13B31E9C179B007DB2A1 /* MiddlePyramid.hpp */,
				209E13B41E9C179B007DB2A1 /* Pyramid.cpp */,
				209E13B51E9C179B007DB2A1 /* Pyramid.hpp */,
				209E13B61E9C179B007DB2A1 /* Structures.hpp */,
				83DBBFDE1EB89393008031FA /* GapPlatformStructure.cpp */,
				83DBBFDF1EB89393008031FA /* GapPlatformStructure.hpp */,
			);
			path = Structures;
			sourceTree = "<group>";
		};
		209E13B71E9C179B007DB2A1 /* TiledMap */ = {
			isa = PBXGroup;
			children = (
				209E14291E9C1D3D007DB2A1 /* TiledMapController.cpp */,
				209E142A1E9C1D3D007DB2A1 /* TiledMapController.h */,
				209E13B81E9C179B007DB2A1 /* BasicBlock.cpp */,
				209E13B91E9C179B007DB2A1 /* BasicBlock.hpp */,
				209E13BA1E9C179B007DB2A1 /* Chunck.cpp */,
				209E13BB1E9C179B007DB2A1 /* Chunck.h */,
				209E13BC1E9C179B007DB2A1 /* TiledMapGenerator.cpp */,
				209E13BD1E9C179B007DB2A1 /* TiledMapGenerator.hpp */,
				83E86C791EB0E50600D5FB5E /* ConstantDevices.cpp */,
				83E86C7A1EB0E50600D5FB5E /* ConstantDevices.hpp */,
			);
			path = TiledMap;
			sourceTree = "<group>";
		};
		209E13BE1E9C179B007DB2A1 /* Entities */ = {
			isa = PBXGroup;
			children = (
				209E13BF1E9C179B007DB2A1 /* Player.cpp */,
				209E13C01E9C179B007DB2A1 /* Player.hpp */,
				209E13C11E9C179B007DB2A1 /* Sound.cpp */,
				209E13C21E9C179B007DB2A1 /* Sound.hpp */,
				209E13C31E9C179B007DB2A1 /* SpeedMarker.cpp */,
				209E13C41E9C179B007DB2A1 /* SpeedMarker.hpp */,
				8392E3921EBB1EA700FF590C /* ScreenKiller.cpp */,
				8392E3931EBB1EA700FF590C /* ScreenKiller.hpp */,
			);
			path = Entities;
			sourceTree = "<group>";
		};
		209E13C51E9C179B007DB2A1 /* Utils */ = {
			isa = PBXGroup;
			children = (
				209E13C61E9C179B007DB2A1 /* Constants.h */,
			);
			path = Utils;
			sourceTree = "<group>";
		};
		209E142D1E9C25C7007DB2A1 /* Scenes */ = {
			isa = PBXGroup;
			children = (
				209E14301E9C25C7007DB2A1 /* PlayerTestScene.cpp */,
				209E14311E9C25C7007DB2A1 /* PlayerTestScene.hpp */,
				C7311F901EABF957001DC0B0 /* MainMenuPhone.cpp */,
				C7311F911EABF957001DC0B0 /* MainMenuPhone.hpp */,
				C70F68571EB0E42700C1D1C2 /* SceneController.hpp */,
			);
			path = Scenes;
			sourceTree = "<group>";
		};
		29B97314FDCFA39411CA2CEA /* CustomTemplate */ = {
			isa = PBXGroup;
			children = (
				46880B8319C43A87006E1F66 /* Classes */,
				46880B7519C43A67006E1F66 /* Resources */,
				1AC6FAE5180E9839004C840B /* cocos2d_libs.xcodeproj */,
				29B97323FDCFA39411CA2CEA /* Frameworks */,
				080E96DDFE201D6D7F000001 /* ios */,
				503AE10617EB990700D1A890 /* mac */,
				19C28FACFE9D520D11CA2CBB /* Products */,
			);
			name = CustomTemplate;
			sourceTree = "<group>";
		};
		29B97323FDCFA39411CA2CEA /* Frameworks */ = {
			isa = PBXGroup;
			children = (
				C73859071EBDEE4E00756FE7 /* GameKit.framework */,
				294D0D631D0D56D500F7F5D4 /* CoreText.framework */,
				ED545A7D1B68A1FA00C3958E /* libiconv.dylib */,
				ED545A7B1B68A1F400C3958E /* libiconv.dylib */,
				8262943D1AAF051F00CB7CF7 /* Security.framework */,
				52B47A461A53D09B004E4C60 /* Security.framework */,
				D6B0611A1803AB670077942B /* CoreMotion.framework */,
				503AE11A17EB9C5A00D1A890 /* IOKit.framework */,
				503AE11117EB99EE00D1A890 /* libcurl.dylib */,
				5087E78A17EB975400C73F5D /* OpenGL.framework */,
				5087E78817EB974C00C73F5D /* AppKit.framework */,
				1ACB3243164770DE00914215 /* libcurl.a */,
				BF170DB412928DE900B8313A /* libz.dylib */,
				D44C620F132DFF4E0009C878 /* AudioToolbox.framework */,
				D44C620D132DFF430009C878 /* AVFoundation.framework */,
				288765A40DF7441C002DB57D /* CoreGraphics.framework */,
				1D30AB110D05D00D00671497 /* Foundation.framework */,
				D44C620B132DFF330009C878 /* OpenAL.framework */,
				BF170DB012928DE900B8313A /* OpenGLES.framework */,
				BF1C47EA1293683800B63C5D /* QuartzCore.framework */,
				1DF5F4DF0D08C38300B7A737 /* UIKit.framework */,
			);
			name = Frameworks;
			sourceTree = "<group>";
		};
		46880B7519C43A67006E1F66 /* Resources */ = {
			isa = PBXGroup;
			children = (
				2080C4C91EBFC41B0014B4C7 /* Coin.png */,
				C7F14F081EBF17E400C62177 /* achievement.png */,
				C738590E1EBE488C00756FE7 /* black_background.jpg */,
				C75584CF1EBB99AB0067DB20 /* menu_background_portrait.png */,
				C75584CB1EBB972D0067DB20 /* menu_background_landscape.png */,
				C7311F9E1EAD0645001DC0B0 /* Audio */,
				C7311F9A1EACF2E8001DC0B0 /* menu_close.png */,
				20C7214F1EBCFFE600C96B15 /* goldCoin5.png */,
				C7311F9B1EACF2E8001DC0B0 /* menu_open.png */,
				209E13EC1E9C17AE007DB2A1 /* bg_desert.png */,
				209E13ED1E9C17AE007DB2A1 /* box.png */,
				209E13EE1E9C17AE007DB2A1 /* castleCenter.png */,
				C7075EEE1EB28641004FB0A8 /* pause.png */,
				209E13EF1E9C17AE007DB2A1 /* CloseNormal.png */,
				C7075EF11EB29320004FB0A8 /* audio_off.png */,
				C7075EF21EB29320004FB0A8 /* audio_on.png */,
				209E13F01E9C17AE007DB2A1 /* CloseSelected.png */,
				209E13F21E9C17AE007DB2A1 /* fonts */,
				209E13F31E9C17AE007DB2A1 /* HelloWorld.png */,
				209E13F41E9C17AE007DB2A1 /* liquidLavaTop_mid.png */,
				209E13F71E9C17AE007DB2A1 /* player */,
				209E13F81E9C17AE007DB2A1 /* res */,
				209E13F91E9C17AE007DB2A1 /* sprites.plist */,
				209E13FA1E9C17AE007DB2A1 /* sprites.png */,
				209E13FB1E9C17AE007DB2A1 /* stoneHalf.png */,
				209E13FC1E9C17AE007DB2A1 /* test */,
				209E13FD1E9C17AE007DB2A1 /* tiles_spritesheet.png */,
				209E13FE1E9C17AE007DB2A1 /* tiles_spritesheet.xml */,
				C738590B1EBDF0E600756FE7 /* ios_ids.plist */,
			);
			name = Resources;
			path = ../Resources;
			sourceTree = "<group>";
		};
		46880B8319C43A87006E1F66 /* Classes */ = {
			isa = PBXGroup;
			children = (
				C73858FB1EBDE0DD00756FE7 /* GameSharing */,
				209E142D1E9C25C7007DB2A1 /* Scenes */,
				209E13A61E9C179B007DB2A1 /* Engine2D */,
				209E13BE1E9C179B007DB2A1 /* Entities */,
				209E13C51E9C179B007DB2A1 /* Utils */,
				46880B8419C43A87006E1F66 /* AppDelegate.cpp */,
				46880B8519C43A87006E1F66 /* AppDelegate.h */,
			);
			name = Classes;
			path = ../Classes;
			sourceTree = "<group>";
		};
		503AE0F517EB97AB00D1A890 /* Icons */ = {
			isa = PBXGroup;
			children = (
				503AE0F617EB97AB00D1A890 /* Icon.icns */,
				503AE0F717EB97AB00D1A890 /* Info.plist */,
			);
			name = Icons;
			path = mac;
			sourceTree = SOURCE_ROOT;
		};
		503AE10617EB990700D1A890 /* mac */ = {
			isa = PBXGroup;
			children = (
				503AE0F517EB97AB00D1A890 /* Icons */,
				503AE10317EB98FF00D1A890 /* main.cpp */,
				503AE10417EB98FF00D1A890 /* Prefix.pch */,
			);
			name = mac;
			sourceTree = "<group>";
		};
		5087E77117EB970100C73F5D /* Icons */ = {
			isa = PBXGroup;
			children = (
				2080C4DC1EC0A5320014B4C7 /* AppIcon-20x20@1x.png */,
				2080C4DD1EC0A5320014B4C7 /* AppIcon-20x20@2x.png */,
				2080C4DE1EC0A5320014B4C7 /* AppIcon-20x20@3x.png */,
				2080C4DF1EC0A5320014B4C7 /* AppIcon-29x29@1x.png */,
				2080C4E01EC0A5320014B4C7 /* AppIcon-29x29@2x.png */,
				2080C4E11EC0A5320014B4C7 /* AppIcon-29x29@3x.png */,
				2080C4E21EC0A5320014B4C7 /* AppIcon-40x40@1x.png */,
				2080C4E31EC0A5320014B4C7 /* AppIcon-40x40@2x.png */,
				2080C4E41EC0A5320014B4C7 /* AppIcon-40x40@3x.png */,
				2080C4E51EC0A5320014B4C7 /* AppIcon-57x57@1x.png */,
				2080C4E61EC0A5320014B4C7 /* AppIcon-57x57@2x.png */,
				2080C4E71EC0A5320014B4C7 /* AppIcon-60x60@1x.png */,
				2080C4E81EC0A5320014B4C7 /* AppIcon-60x60@2x.png */,
				2080C4E91EC0A5320014B4C7 /* AppIcon-60x60@3x.png */,
				2080C4EA1EC0A5320014B4C7 /* AppIcon-72x72@1x.png */,
				2080C4EB1EC0A5320014B4C7 /* AppIcon-72x72@2x.png */,
				2080C4EC1EC0A5320014B4C7 /* AppIcon-76x76@1x.png */,
				2080C4ED1EC0A5320014B4C7 /* AppIcon-76x76@2x.png */,
				2080C4EE1EC0A5320014B4C7 /* AppIcon-76x76@3x.png */,
				2080C4EF1EC0A5320014B4C7 /* AppIcon-83.5x83.5@2x.png */,
				2080C4F01EC0A5320014B4C7 /* Default-Landscape~ipad.png */,
				521A8E6219F0C34300D177D7 /* Default-667h@2x.png */,
				521A8E6319F0C34300D177D7 /* Default-736h@3x.png */,
				5087E77217EB970100C73F5D /* Default-568h@2x.png */,
				5087E77317EB970100C73F5D /* Default.png */,
				5087E77417EB970100C73F5D /* Default@2x.png */,
				5087E77C17EB970100C73F5D /* Info.plist */,
			);
			name = Icons;
			path = ios;
			sourceTree = SOURCE_ROOT;
		};
		C73858FB1EBDE0DD00756FE7 /* GameSharing */ = {
			isa = PBXGroup;
			children = (
				C73859001EBDE0EC00756FE7 /* GameSharing.h */,
				C73858FE1EBDE0E900756FE7 /* GameSharing.cpp */,
			);
			name = GameSharing;
			sourceTree = "<group>";
		};
/* End PBXGroup section */

/* Begin PBXNativeTarget section */
		1D6058900D05DD3D006BFB54 /* Runner-mobile */ = {
			isa = PBXNativeTarget;
			buildConfigurationList = 1D6058960D05DD3E006BFB54 /* Build configuration list for PBXNativeTarget "Runner-mobile" */;
			buildPhases = (
				1D60588D0D05DD3D006BFB54 /* Resources */,
				1D60588E0D05DD3D006BFB54 /* Sources */,
				1D60588F0D05DD3D006BFB54 /* Frameworks */,
			);
			buildRules = (
			);
			dependencies = (
				1AC6FB25180E99E1004C840B /* PBXTargetDependency */,
			);
			name = "Runner-mobile";
			productName = iphone;
			productReference = 1D6058910D05DD3D006BFB54 /* Runner-mobile.app */;
			productType = "com.apple.product-type.application";
		};
/* End PBXNativeTarget section */

/* Begin PBXProject section */
		29B97313FDCFA39411CA2CEA /* Project object */ = {
			isa = PBXProject;
			attributes = {
				LastUpgradeCheck = 0500;
				TargetAttributes = {
					1D6058900D05DD3D006BFB54 = {
						DevelopmentTeam = 4ZJBY72XZ5;
						ProvisioningStyle = Automatic;
						SystemCapabilities = {
							com.apple.GameCenter = {
								enabled = 1;
							};
						};
					};
				};
			};
			buildConfigurationList = C01FCF4E08A954540054247B /* Build configuration list for PBXProject "Runner" */;
			compatibilityVersion = "Xcode 3.2";
			developmentRegion = English;
			hasScannedForEncodings = 1;
			knownRegions = (
				English,
				Japanese,
				French,
				German,
			);
			mainGroup = 29B97314FDCFA39411CA2CEA /* CustomTemplate */;
			projectDirPath = "";
			projectReferences = (
				{
					ProductGroup = 1AC6FAE6180E9839004C840B /* Products */;
					ProjectRef = 1AC6FAE5180E9839004C840B /* cocos2d_libs.xcodeproj */;
				},
			);
			projectRoot = "";
			targets = (
				1D6058900D05DD3D006BFB54 /* Runner-mobile */,
			);
		};
/* End PBXProject section */

/* Begin PBXReferenceProxy section */
		1AC6FAF9180E9839004C840B /* libcocos2d Mac.a */ = {
			isa = PBXReferenceProxy;
			fileType = archive.ar;
			path = "libcocos2d Mac.a";
			remoteRef = 1AC6FAF8180E9839004C840B /* PBXContainerItemProxy */;
			sourceTree = BUILT_PRODUCTS_DIR;
		};
		1AC6FB07180E9839004C840B /* libcocos2d iOS.a */ = {
			isa = PBXReferenceProxy;
			fileType = archive.ar;
			path = "libcocos2d iOS.a";
			remoteRef = 1AC6FB06180E9839004C840B /* PBXContainerItemProxy */;
			sourceTree = BUILT_PRODUCTS_DIR;
		};
		209E13EB1E9C179B007DB2A1 /* libcocos2d tvOS.a */ = {
			isa = PBXReferenceProxy;
			fileType = archive.ar;
			path = "libcocos2d tvOS.a";
			remoteRef = 209E13EA1E9C179B007DB2A1 /* PBXContainerItemProxy */;
			sourceTree = BUILT_PRODUCTS_DIR;
		};
/* End PBXReferenceProxy section */

/* Begin PBXResourcesBuildPhase section */
		1D60588D0D05DD3D006BFB54 /* Resources */ = {
			isa = PBXResourcesBuildPhase;
			buildActionMask = 2147483647;
			files = (
				C738590F1EBE488C00756FE7 /* black_background.jpg in Resources */,
				209E141F1E9C17AE007DB2A1 /* test in Resources */,
				C7311F9F1EAD0645001DC0B0 /* Audio in Resources */,
				C7311F9C1EACF2E8001DC0B0 /* menu_close.png in Resources */,
				2080C5041EC0A5320014B4C7 /* AppIcon-83.5x83.5@2x.png in Resources */,
				209E14171E9C17AE007DB2A1 /* res in Resources */,
				C75584CC1EBB972D0067DB20 /* menu_background_landscape.png in Resources */,
				2080C5031EC0A5320014B4C7 /* AppIcon-76x76@3x.png in Resources */,
				2080C4F91EC0A5320014B4C7 /* AppIcon-40x40@3x.png in Resources */,
				2080C4FB1EC0A5320014B4C7 /* AppIcon-57x57@2x.png in Resources */,
				C738590C1EBDF0E600756FE7 /* ios_ids.plist in Resources */,
				5087E77F17EB970100C73F5D /* Default@2x.png in Resources */,
				2080C5021EC0A5320014B4C7 /* AppIcon-76x76@2x.png in Resources */,
				2080C5001EC0A5320014B4C7 /* AppIcon-72x72@2x.png in Resources */,
				2080C4F21EC0A5320014B4C7 /* AppIcon-20x20@2x.png in Resources */,
				2080C4F41EC0A5320014B4C7 /* AppIcon-29x29@1x.png in Resources */,
				20C721501EBCFFE600C96B15 /* goldCoin5.png in Resources */,
				C75584D01EBB99AB0067DB20 /* menu_background_portrait.png in Resources */,
				2080C4FD1EC0A5320014B4C7 /* AppIcon-60x60@2x.png in Resources */,
				5087E77D17EB970100C73F5D /* Default-568h@2x.png in Resources */,
				209E141B1E9C17AE007DB2A1 /* sprites.png in Resources */,
				209E13FF1E9C17AE007DB2A1 /* bg_desert.png in Resources */,
				C7075EF31EB29320004FB0A8 /* audio_off.png in Resources */,
				209E14071E9C17AE007DB2A1 /* CloseSelected.png in Resources */,
				209E14011E9C17AE007DB2A1 /* box.png in Resources */,
				2080C4F11EC0A5320014B4C7 /* AppIcon-20x20@1x.png in Resources */,
				209E141D1E9C17AE007DB2A1 /* stoneHalf.png in Resources */,
				209E140B1E9C17AE007DB2A1 /* fonts in Resources */,
				521A8E6519F0C34300D177D7 /* Default-736h@3x.png in Resources */,
				2080C4FA1EC0A5320014B4C7 /* AppIcon-57x57@1x.png in Resources */,
				C7311F9D1EACF2E8001DC0B0 /* menu_open.png in Resources */,
				2080C4FF1EC0A5320014B4C7 /* AppIcon-72x72@1x.png in Resources */,
				2080C4F61EC0A5320014B4C7 /* AppIcon-29x29@3x.png in Resources */,
				2080C4CA1EBFC41B0014B4C7 /* Coin.png in Resources */,
				2080C5051EC0A5320014B4C7 /* Default-Landscape~ipad.png in Resources */,
				209E14151E9C17AE007DB2A1 /* player in Resources */,
				209E14191E9C17AE007DB2A1 /* sprites.plist in Resources */,
				209E14031E9C17AE007DB2A1 /* castleCenter.png in Resources */,
				2080C4F51EC0A5320014B4C7 /* AppIcon-29x29@2x.png in Resources */,
				209E140F1E9C17AE007DB2A1 /* liquidLavaTop_mid.png in Resources */,
				209E14051E9C17AE007DB2A1 /* CloseNormal.png in Resources */,
				2080C4F31EC0A5320014B4C7 /* AppIcon-20x20@3x.png in Resources */,
				2080C4FC1EC0A5320014B4C7 /* AppIcon-60x60@1x.png in Resources */,
				2080C4F81EC0A5320014B4C7 /* AppIcon-40x40@2x.png in Resources */,
				209E140D1E9C17AE007DB2A1 /* HelloWorld.png in Resources */,
				2080C5011EC0A5320014B4C7 /* AppIcon-76x76@1x.png in Resources */,
				C7F14F091EBF17E400C62177 /* achievement.png in Resources */,
				C7075EF41EB29320004FB0A8 /* audio_on.png in Resources */,
				C7075EEF1EB28641004FB0A8 /* pause.png in Resources */,
				209E14231E9C17AE007DB2A1 /* tiles_spritesheet.xml in Resources */,
				209E14211E9C17AE007DB2A1 /* tiles_spritesheet.png in Resources */,
				5087E77E17EB970100C73F5D /* Default.png in Resources */,
				2080C4FE1EC0A5320014B4C7 /* AppIcon-60x60@3x.png in Resources */,
				521A8E6419F0C34300D177D7 /* Default-667h@2x.png in Resources */,
				2080C4F71EC0A5320014B4C7 /* AppIcon-40x40@1x.png in Resources */,
			);
			runOnlyForDeploymentPostprocessing = 0;
		};
/* End PBXResourcesBuildPhase section */

/* Begin PBXSourcesBuildPhase section */
		1D60588E0D05DD3D006BFB54 /* Sources */ = {
			isa = PBXSourcesBuildPhase;
			buildActionMask = 2147483647;
			files = (
				46880B8819C43A87006E1F66 /* AppDelegate.cpp in Sources */,
				209E13D71E9C179B007DB2A1 /* JumpStructure.cpp in Sources */,
				209E13E11E9C179B007DB2A1 /* TiledMapGenerator.cpp in Sources */,
				209E13DB1E9C179B007DB2A1 /* Pyramid.cpp in Sources */,
				C7311F921EABF957001DC0B0 /* MainMenuPhone.cpp in Sources */,
				209E13E31E9C179B007DB2A1 /* Player.cpp in Sources */,
				C73858FF1EBDE0E900756FE7 /* GameSharing.cpp in Sources */,
				209E13D11E9C179B007DB2A1 /* RootEntity.cpp in Sources */,
				83DBBFE01EB89393008031FA /* GapPlatformStructure.cpp in Sources */,
				209E13D51E9C179B007DB2A1 /* GapStructure.cpp in Sources */,
				209E13CF1E9C179B007DB2A1 /* MathHelper.cpp in Sources */,
				209E13E51E9C179B007DB2A1 /* Sound.cpp in Sources */,
				209E13D91E9C179B007DB2A1 /* MiddlePyramid.cpp in Sources */,
				209E13E71E9C179B007DB2A1 /* SpeedMarker.cpp in Sources */,
				83E86C7B1EB0E50600D5FB5E /* ConstantDevices.cpp in Sources */,
				209E13DD1E9C179B007DB2A1 /* BasicBlock.cpp in Sources */,
				209E14341E9C25C7007DB2A1 /* PlayerTestScene.cpp in Sources */,
				2080C4C81EBFAF570014B4C7 /* GameCenterHelper.mm in Sources */,
				503AE10017EB989F00D1A890 /* AppController.mm in Sources */,
				503AE10217EB989F00D1A890 /* RootViewController.mm in Sources */,
				503AE10117EB989F00D1A890 /* main.m in Sources */,
				209E13D31E9C179B007DB2A1 /* BaseStructure.cpp in Sources */,
				209E142B1E9C1D3D007DB2A1 /* TiledMapController.cpp in Sources */,
				8392E3941EBB1EA700FF590C /* ScreenKiller.cpp in Sources */,
				209E13DF1E9C179B007DB2A1 /* Chunck.cpp in Sources */,
			);
			runOnlyForDeploymentPostprocessing = 0;
		};
/* End PBXSourcesBuildPhase section */

/* Begin PBXTargetDependency section */
		1AC6FB25180E99E1004C840B /* PBXTargetDependency */ = {
			isa = PBXTargetDependency;
			name = "cocos2dx iOS";
			targetProxy = 1AC6FB24180E99E1004C840B /* PBXContainerItemProxy */;
		};
/* End PBXTargetDependency section */

/* Begin XCBuildConfiguration section */
		1D6058940D05DD3E006BFB54 /* Debug */ = {
			isa = XCBuildConfiguration;
			buildSettings = {
				ALWAYS_SEARCH_USER_PATHS = YES;
				CODE_SIGN_IDENTITY = "iPhone Developer";
				"CODE_SIGN_IDENTITY[sdk=iphoneos*]" = "iPhone Developer";
				COMPRESS_PNG_FILES = NO;
				DEVELOPMENT_TEAM = 4ZJBY72XZ5;
				ENABLE_BITCODE = NO;
				GCC_DYNAMIC_NO_PIC = NO;
				GCC_INLINES_ARE_PRIVATE_EXTERN = NO;
				GCC_PRECOMPILE_PREFIX_HEADER = YES;
				GCC_PREFIX_HEADER = ios/Prefix.pch;
				GCC_PREPROCESSOR_DEFINITIONS = (
					USE_FILE32API,
					"COCOS2D_DEBUG=1",
					"CC_ENABLE_CHIPMUNK_INTEGRATION=1",
				);
				GCC_SYMBOLS_PRIVATE_EXTERN = NO;
				HEADER_SEARCH_PATHS = "$(inherited)";
				INFOPLIST_FILE = ios/Info.plist;
				IPHONEOS_DEPLOYMENT_TARGET = 9.3;
				LIBRARY_SEARCH_PATHS = "";
				OTHER_LDFLAGS = (
					"$(_COCOS_LIB_IOS_BEGIN)",
					"$(_COCOS_LIB_IOS_END)",
				);
				PRODUCT_BUNDLE_IDENTIFIER = com.devbits.randomrunner;
				PROVISIONING_PROFILE = "";
				PROVISIONING_PROFILE_SPECIFIER = "";
				SDKROOT = iphoneos;
				STRIP_PNG_TEXT = NO;
				TARGETED_DEVICE_FAMILY = "1,2";
				USER_HEADER_SEARCH_PATHS = "$(_COCOS_HEADER_IOS_BEGIN) $(_COCOS_HEADER_IOS_END)";
				VALID_ARCHS = "arm64 armv7";
			};
			name = Debug;
		};
		1D6058950D05DD3E006BFB54 /* Release */ = {
			isa = XCBuildConfiguration;
			buildSettings = {
				ALWAYS_SEARCH_USER_PATHS = YES;
				CODE_SIGN_IDENTITY = "iPhone Developer";
				"CODE_SIGN_IDENTITY[sdk=iphoneos*]" = "iPhone Developer";
				COMPRESS_PNG_FILES = NO;
				DEVELOPMENT_TEAM = 4ZJBY72XZ5;
				ENABLE_BITCODE = NO;
				GCC_INLINES_ARE_PRIVATE_EXTERN = NO;
				GCC_PRECOMPILE_PREFIX_HEADER = YES;
				GCC_PREFIX_HEADER = ios/Prefix.pch;
				GCC_PREPROCESSOR_DEFINITIONS = (
					USE_FILE32API,
					"CC_ENABLE_CHIPMUNK_INTEGRATION=1",
					NDEBUG,
				);
				GCC_SYMBOLS_PRIVATE_EXTERN = NO;
				HEADER_SEARCH_PATHS = "$(inherited)";
				INFOPLIST_FILE = ios/Info.plist;
				IPHONEOS_DEPLOYMENT_TARGET = 9.3;
				LIBRARY_SEARCH_PATHS = "";
				OTHER_LDFLAGS = (
					"$(_COCOS_LIB_IOS_BEGIN)",
					"$(_COCOS_LIB_IOS_END)",
				);
				PRODUCT_BUNDLE_IDENTIFIER = com.devbits.randomrunner;
				PROVISIONING_PROFILE = "";
				PROVISIONING_PROFILE_SPECIFIER = "";
				SDKROOT = iphoneos;
				STRIP_PNG_TEXT = NO;
				TARGETED_DEVICE_FAMILY = "1,2";
				USER_HEADER_SEARCH_PATHS = "$(_COCOS_HEADER_IOS_BEGIN) $(_COCOS_HEADER_IOS_END)";
				VALID_ARCHS = "arm64 armv7";
			};
			name = Release;
		};
		C01FCF4F08A954540054247B /* Debug */ = {
			isa = XCBuildConfiguration;
			buildSettings = {
				CLANG_CXX_LANGUAGE_STANDARD = "c++0x";
				CLANG_CXX_LIBRARY = "libc++";
				COPY_PHASE_STRIP = NO;
				GCC_OPTIMIZATION_LEVEL = 0;
				GCC_WARN_ABOUT_RETURN_TYPE = YES;
				GCC_WARN_UNUSED_VARIABLE = YES;
				HEADER_SEARCH_PATHS = (
					"$(SRCROOT)/../cocos2d",
					"$(SRCROOT)/../cocos2d/cocos/audio/include",
					"$(SRCROOT)/../cocos2d/cocos",
					"$(SRCROOT)/../cocos2d/extensions",
					"$(SRCROOT)/../cocos2d/external",
					"$(SRCROOT)/../cocos2d/external/chipmunk/include/chipmunk",
				);
				IPHONEOS_DEPLOYMENT_TARGET = 6.0;
				MACOSX_DEPLOYMENT_TARGET = 10.7;
				ONLY_ACTIVE_ARCH = YES;
				PRODUCT_NAME = "$(TARGET_NAME)";
				SDKROOT = macosx;
			};
			name = Debug;
		};
		C01FCF5008A954540054247B /* Release */ = {
			isa = XCBuildConfiguration;
			buildSettings = {
				CLANG_CXX_LANGUAGE_STANDARD = "c++0x";
				CLANG_CXX_LIBRARY = "libc++";
				GCC_WARN_ABOUT_RETURN_TYPE = YES;
				GCC_WARN_UNUSED_VARIABLE = YES;
				HEADER_SEARCH_PATHS = (
					"$(SRCROOT)/../cocos2d",
					"$(SRCROOT)/../cocos2d/cocos/audio/include",
					"$(SRCROOT)/../cocos2d/cocos",
					"$(SRCROOT)/../cocos2d/extensions",
					"$(SRCROOT)/../cocos2d/external",
					"$(SRCROOT)/../cocos2d/external/chipmunk/include/chipmunk",
				);
				IPHONEOS_DEPLOYMENT_TARGET = 6.0;
				MACOSX_DEPLOYMENT_TARGET = 10.7;
				OTHER_CFLAGS = "-DNS_BLOCK_ASSERTIONS=1";
				PRODUCT_NAME = "$(TARGET_NAME)";
				SDKROOT = macosx;
				VALIDATE_PRODUCT = YES;
			};
			name = Release;
		};
/* End XCBuildConfiguration section */

/* Begin XCConfigurationList section */
		1D6058960D05DD3E006BFB54 /* Build configuration list for PBXNativeTarget "Runner-mobile" */ = {
			isa = XCConfigurationList;
			buildConfigurations = (
				1D6058940D05DD3E006BFB54 /* Debug */,
				1D6058950D05DD3E006BFB54 /* Release */,
			);
			defaultConfigurationIsVisible = 0;
			defaultConfigurationName = Debug;
		};
		C01FCF4E08A954540054247B /* Build configuration list for PBXProject "Runner" */ = {
			isa = XCConfigurationList;
			buildConfigurations = (
				C01FCF4F08A954540054247B /* Debug */,
				C01FCF5008A954540054247B /* Release */,
			);
			defaultConfigurationIsVisible = 0;
			defaultConfigurationName = Debug;
		};
/* End XCConfigurationList section */
	};
	rootObject = 29B97313FDCFA39411CA2CEA /* Project object */;
}
